
Microsoft Visual Studio Solution File, Format Version 12.00
# Visual Studio Version 16
VisualStudioVersion = 16.0.29728.190
MinimumVisualStudioVersion = 10.0.40219.1
Project("{9A19103F-16F7-4668-BE54-9A1E7A4F7556}") = "Lc.Csharp.Modulo1", "Lc.Cdsharp\Lc.Csharp.Modulo1.csproj", "{5F11C95A-EF19-4996-939A-8D273244435C}"
EndProject
Global
	GlobalSection(SolutionConfigurationPlatforms) = preSolution
		Debug|Any CPU = Debug|Any CPU
		Release|Any CPU = Release|Any CPU
	EndGlobalSection
	GlobalSection(ProjectConfigurationPlatforms) = postSolution
		{5F11C95A-EF19-4996-939A-8D273244435C}.Debug|Any CPU.ActiveCfg = Debug|Any CPU
		{5F11C95A-EF19-4996-939A-8D273244435C}.Debug|Any CPU.Build.0 = Debug|Any CPU
		{5F11C95A-EF19-4996-939A-8D273244435C}.Release|Any CPU.ActiveCfg = Release|Any CPU
		{5F11C95A-EF19-4996-939A-8D273244435C}.Release|Any CPU.Build.0 = Release|Any CPU
	EndGlobalSection
	GlobalSection(SolutionProperties) = preSolution
		HideSolutionNode = FALSE
	EndGlobalSection
	GlobalSection(ExtensibilityGlobals) = postSolution
		SolutionGuid = {D5F604D4-35B8-4510-8EB8-90FCB4D78071}
	EndGlobalSection
EndGlobal
