
Microsoft Visual Studio Solution File, Format Version 12.00
# Visual Studio Version 16
VisualStudioVersion = 16.0.29728.190
MinimumVisualStudioVersion = 10.0.40219.1
Project("{9A19103F-16F7-4668-BE54-9A1E7A4F7556}") = "Lc.Csharp.Modulo1", "Lc.Cdsharp\Lc.Csharp.Modulo1.csproj", "{5F11C95A-EF19-4996-939A-8D273244435C}"
EndProject
Project("{9A19103F-16F7-4668-BE54-9A1E7A4F7556}") = "Lc.Csharp.Modulo2", "Lc.Csharp.Modulo2\Lc.Csharp.Modulo2.csproj", "{9812B749-E0D4-4FAD-BC71-AC9BA511B633}"
EndProject
Project("{2150E333-8FDC-42A3-9474-1A3956D46DE8}") = "Multiprojeto", "Multiprojeto", "{7BA30B43-56D8-427B-940E-99E8DA96AB7C}"
EndProject
Project("{9A19103F-16F7-4668-BE54-9A1E7A4F7556}") = "Projeto01", "Projeto01\Projeto01.csproj", "{BF5B74C9-ED40-4A6D-9A08-7CFAD31C2400}"
EndProject
Project("{9A19103F-16F7-4668-BE54-9A1E7A4F7556}") = "Repositorio", "Repositorio\Repositorio.csproj", "{06BA5450-113B-466E-87F6-BFC40CAEEC8B}"
EndProject
Project("{2150E333-8FDC-42A3-9474-1A3956D46DE8}") = "ProjetosDependencia", "ProjetosDependencia", "{889C9A14-3301-41F0-A022-17981E2CD487}"
EndProject
Project("{9A19103F-16F7-4668-BE54-9A1E7A4F7556}") = "Apresentacao", "ConsoleProjetoDependencia\Apresentacao.csproj", "{862CFB96-6374-4144-9BF5-893B4609D148}"
EndProject
Project("{9A19103F-16F7-4668-BE54-9A1E7A4F7556}") = "Dados", "Dados\Dados.csproj", "{7254387F-C29B-44D1-A130-72C0016EAA20}"
EndProject
Project("{9A19103F-16F7-4668-BE54-9A1E7A4F7556}") = "Negocios", "Negocios\Negocios.csproj", "{89837578-3909-4B98-8FA4-53A225DE6B23}"
EndProject
Project("{9A19103F-16F7-4668-BE54-9A1E7A4F7556}") = "Comum", "Comum\Comum.csproj", "{98855E14-65BD-4519-9A29-8B2B69B6638A}"
EndProject
Project("{2150E333-8FDC-42A3-9474-1A3956D46DE8}") = "Biblioteca", "Biblioteca", "{0B646DE4-76F3-4B26-A9CA-33A7462779D8}"
EndProject
Project("{FAE04EC0-301F-11D3-BF4B-00C04F79EFBC}") = "Presentation", "biblioteca\Presentation\Presentation.csproj", "{3F459E0F-B368-4AC6-915E-33134311BBAD}"
EndProject
Project("{FAE04EC0-301F-11D3-BF4B-00C04F79EFBC}") = "Data", "biblioteca\Data\Data.csproj", "{9CB6668F-6DA5-4B47-B765-4C1A849881C7}"
EndProject
Project("{FAE04EC0-301F-11D3-BF4B-00C04F79EFBC}") = "Business", "biblioteca\Business\Business.csproj", "{0C0BAE20-DF2B-4F24-9C23-D24DCCC4E790}"
EndProject
Project("{FAE04EC0-301F-11D3-BF4B-00C04F79EFBC}") = "Interface", "biblioteca\Interface\Interface.csproj", "{B183F0E5-1B1C-47B3-8194-61445AF997E2}"
EndProject
Global
	GlobalSection(SolutionConfigurationPlatforms) = preSolution
		Debug|Any CPU = Debug|Any CPU
		Release|Any CPU = Release|Any CPU
	EndGlobalSection
	GlobalSection(ProjectConfigurationPlatforms) = postSolution
		{5F11C95A-EF19-4996-939A-8D273244435C}.Debug|Any CPU.ActiveCfg = Debug|Any CPU
		{5F11C95A-EF19-4996-939A-8D273244435C}.Debug|Any CPU.Build.0 = Debug|Any CPU
		{5F11C95A-EF19-4996-939A-8D273244435C}.Release|Any CPU.ActiveCfg = Release|Any CPU
		{5F11C95A-EF19-4996-939A-8D273244435C}.Release|Any CPU.Build.0 = Release|Any CPU
		{9812B749-E0D4-4FAD-BC71-AC9BA511B633}.Debug|Any CPU.ActiveCfg = Debug|Any CPU
		{9812B749-E0D4-4FAD-BC71-AC9BA511B633}.Debug|Any CPU.Build.0 = Debug|Any CPU
		{9812B749-E0D4-4FAD-BC71-AC9BA511B633}.Release|Any CPU.ActiveCfg = Release|Any CPU
		{9812B749-E0D4-4FAD-BC71-AC9BA511B633}.Release|Any CPU.Build.0 = Release|Any CPU
		{BF5B74C9-ED40-4A6D-9A08-7CFAD31C2400}.Debug|Any CPU.ActiveCfg = Debug|Any CPU
		{BF5B74C9-ED40-4A6D-9A08-7CFAD31C2400}.Debug|Any CPU.Build.0 = Debug|Any CPU
		{BF5B74C9-ED40-4A6D-9A08-7CFAD31C2400}.Release|Any CPU.ActiveCfg = Release|Any CPU
		{BF5B74C9-ED40-4A6D-9A08-7CFAD31C2400}.Release|Any CPU.Build.0 = Release|Any CPU
		{06BA5450-113B-466E-87F6-BFC40CAEEC8B}.Debug|Any CPU.ActiveCfg = Debug|Any CPU
		{06BA5450-113B-466E-87F6-BFC40CAEEC8B}.Debug|Any CPU.Build.0 = Debug|Any CPU
		{06BA5450-113B-466E-87F6-BFC40CAEEC8B}.Release|Any CPU.ActiveCfg = Release|Any CPU
		{06BA5450-113B-466E-87F6-BFC40CAEEC8B}.Release|Any CPU.Build.0 = Release|Any CPU
		{862CFB96-6374-4144-9BF5-893B4609D148}.Debug|Any CPU.ActiveCfg = Debug|Any CPU
		{862CFB96-6374-4144-9BF5-893B4609D148}.Debug|Any CPU.Build.0 = Debug|Any CPU
		{862CFB96-6374-4144-9BF5-893B4609D148}.Release|Any CPU.ActiveCfg = Release|Any CPU
		{862CFB96-6374-4144-9BF5-893B4609D148}.Release|Any CPU.Build.0 = Release|Any CPU
		{7254387F-C29B-44D1-A130-72C0016EAA20}.Debug|Any CPU.ActiveCfg = Debug|Any CPU
		{7254387F-C29B-44D1-A130-72C0016EAA20}.Debug|Any CPU.Build.0 = Debug|Any CPU
		{7254387F-C29B-44D1-A130-72C0016EAA20}.Release|Any CPU.ActiveCfg = Release|Any CPU
		{7254387F-C29B-44D1-A130-72C0016EAA20}.Release|Any CPU.Build.0 = Release|Any CPU
		{89837578-3909-4B98-8FA4-53A225DE6B23}.Debug|Any CPU.ActiveCfg = Debug|Any CPU
		{89837578-3909-4B98-8FA4-53A225DE6B23}.Debug|Any CPU.Build.0 = Debug|Any CPU
		{89837578-3909-4B98-8FA4-53A225DE6B23}.Release|Any CPU.ActiveCfg = Release|Any CPU
		{89837578-3909-4B98-8FA4-53A225DE6B23}.Release|Any CPU.Build.0 = Release|Any CPU
		{98855E14-65BD-4519-9A29-8B2B69B6638A}.Debug|Any CPU.ActiveCfg = Debug|Any CPU
		{98855E14-65BD-4519-9A29-8B2B69B6638A}.Debug|Any CPU.Build.0 = Debug|Any CPU
		{98855E14-65BD-4519-9A29-8B2B69B6638A}.Release|Any CPU.ActiveCfg = Release|Any CPU
		{98855E14-65BD-4519-9A29-8B2B69B6638A}.Release|Any CPU.Build.0 = Release|Any CPU
		{3F459E0F-B368-4AC6-915E-33134311BBAD}.Debug|Any CPU.ActiveCfg = Debug|Any CPU
		{3F459E0F-B368-4AC6-915E-33134311BBAD}.Debug|Any CPU.Build.0 = Debug|Any CPU
		{3F459E0F-B368-4AC6-915E-33134311BBAD}.Release|Any CPU.ActiveCfg = Release|Any CPU
		{3F459E0F-B368-4AC6-915E-33134311BBAD}.Release|Any CPU.Build.0 = Release|Any CPU
		{9CB6668F-6DA5-4B47-B765-4C1A849881C7}.Debug|Any CPU.ActiveCfg = Debug|Any CPU
		{9CB6668F-6DA5-4B47-B765-4C1A849881C7}.Debug|Any CPU.Build.0 = Debug|Any CPU
		{9CB6668F-6DA5-4B47-B765-4C1A849881C7}.Release|Any CPU.ActiveCfg = Release|Any CPU
		{9CB6668F-6DA5-4B47-B765-4C1A849881C7}.Release|Any CPU.Build.0 = Release|Any CPU
		{0C0BAE20-DF2B-4F24-9C23-D24DCCC4E790}.Debug|Any CPU.ActiveCfg = Debug|Any CPU
		{0C0BAE20-DF2B-4F24-9C23-D24DCCC4E790}.Debug|Any CPU.Build.0 = Debug|Any CPU
		{0C0BAE20-DF2B-4F24-9C23-D24DCCC4E790}.Release|Any CPU.ActiveCfg = Release|Any CPU
		{0C0BAE20-DF2B-4F24-9C23-D24DCCC4E790}.Release|Any CPU.Build.0 = Release|Any CPU
		{B183F0E5-1B1C-47B3-8194-61445AF997E2}.Debug|Any CPU.ActiveCfg = Debug|Any CPU
		{B183F0E5-1B1C-47B3-8194-61445AF997E2}.Debug|Any CPU.Build.0 = Debug|Any CPU
		{B183F0E5-1B1C-47B3-8194-61445AF997E2}.Release|Any CPU.ActiveCfg = Release|Any CPU
		{B183F0E5-1B1C-47B3-8194-61445AF997E2}.Release|Any CPU.Build.0 = Release|Any CPU
	EndGlobalSection
	GlobalSection(SolutionProperties) = preSolution
		HideSolutionNode = FALSE
	EndGlobalSection
	GlobalSection(NestedProjects) = preSolution
		{BF5B74C9-ED40-4A6D-9A08-7CFAD31C2400} = {7BA30B43-56D8-427B-940E-99E8DA96AB7C}
		{06BA5450-113B-466E-87F6-BFC40CAEEC8B} = {7BA30B43-56D8-427B-940E-99E8DA96AB7C}
		{862CFB96-6374-4144-9BF5-893B4609D148} = {889C9A14-3301-41F0-A022-17981E2CD487}
		{7254387F-C29B-44D1-A130-72C0016EAA20} = {889C9A14-3301-41F0-A022-17981E2CD487}
		{89837578-3909-4B98-8FA4-53A225DE6B23} = {889C9A14-3301-41F0-A022-17981E2CD487}
		{98855E14-65BD-4519-9A29-8B2B69B6638A} = {889C9A14-3301-41F0-A022-17981E2CD487}
		{3F459E0F-B368-4AC6-915E-33134311BBAD} = {0B646DE4-76F3-4B26-A9CA-33A7462779D8}
		{9CB6668F-6DA5-4B47-B765-4C1A849881C7} = {0B646DE4-76F3-4B26-A9CA-33A7462779D8}
		{0C0BAE20-DF2B-4F24-9C23-D24DCCC4E790} = {0B646DE4-76F3-4B26-A9CA-33A7462779D8}
		{B183F0E5-1B1C-47B3-8194-61445AF997E2} = {0B646DE4-76F3-4B26-A9CA-33A7462779D8}
	EndGlobalSection
	GlobalSection(ExtensibilityGlobals) = postSolution
		SolutionGuid = {D5F604D4-35B8-4510-8EB8-90FCB4D78071}
	EndGlobalSection
EndGlobal
